
Microsoft Visual Studio Solution File, Format Version 12.00
# Visual Studio Version 17
VisualStudioVersion = 17.9.34723.18
MinimumVisualStudioVersion = 10.0.40219.1
Project("{FAE04EC0-301F-11D3-BF4B-00C04F79EFBC}") = "ImageReaderWpf", "ImageReaderWpf\ImageReaderWpf.csproj", "{BF448245-E901-4F22-8047-93B6CC7D1F97}"
EndProject
Global
	GlobalSection(SolutionConfigurationPlatforms) = preSolution
		Debug|Any CPU = Debug|Any CPU
		Release|Any CPU = Release|Any CPU
	EndGlobalSection
	GlobalSection(ProjectConfigurationPlatforms) = postSolution
		{BF448245-E901-4F22-8047-93B6CC7D1F97}.Debug|Any CPU.ActiveCfg = Debug|Any CPU
		{BF448245-E901-4F22-8047-93B6CC7D1F97}.Debug|Any CPU.Build.0 = Debug|Any CPU
		{BF448245-E901-4F22-8047-93B6CC7D1F97}.Release|Any CPU.ActiveCfg = Release|Any CPU
		{BF448245-E901-4F22-8047-93B6CC7D1F97}.Release|Any CPU.Build.0 = Release|Any CPU
	EndGlobalSection
	GlobalSection(SolutionProperties) = preSolution
		HideSolutionNode = FALSE
	EndGlobalSection
	GlobalSection(ExtensibilityGlobals) = postSolution
		SolutionGuid = {FF3A2C2F-2022-4E44-BCE0-561EA4468425}
	EndGlobalSection
EndGlobal
